// !$*UTF8*$!
{
	archiveVersion = 1;
	classes = {
	};
	objectVersion = 46;
	objects = {

/* Begin PBXBuildFile section */
		544ED57A1C51EF86003BCA0C /* CustomGreeter.m in Sources */ = {isa = PBXBuildFile; fileRef = 544ED5791C51EF86003BCA0C /* CustomGreeter.m */; };
/* End PBXBuildFile section */

/* Begin PBXFileReference section */
		544ED56E1C51EEE3003BCA0C /* CustomgGreeter.bundle */ = {isa = PBXFileReference; explicitFileType = wrapper.cfbundle; includeInIndex = 0; path = CustomgGreeter.bundle; sourceTree = BUILT_PRODUCTS_DIR; };
		544ED5711C51EEE3003BCA0C /* Info.plist */ = {isa = PBXFileReference; lastKnownFileType = text.plist.xml; path = Info.plist; sourceTree = "<group>"; };
		544ED5771C51EF52003BCA0C /* Greeter.h */ = {isa = PBXFileReference; fileEncoding = 4; lastKnownFileType = sourcecode.c.h; name = Greeter.h; path = ../DanaLoader/Greeter.h; sourceTree = "<group>"; };
		544ED5781C51EF86003BCA0C /* CustomGreeter.h */ = {isa = PBXFileReference; fileEncoding = 4; lastKnownFileType = sourcecode.c.h; path = CustomGreeter.h; sourceTree = "<group>"; };
		544ED5791C51EF86003BCA0C /* CustomGreeter.m */ = {isa = PBXFileReference; fileEncoding = 4; lastKnownFileType = sourcecode.c.objc; path = CustomGreeter.m; sourceTree = "<group>"; };
/* End PBXFileReference section */

/* Begin PBXFrameworksBuildPhase section */
		544ED56B1C51EEE3003BCA0C /* Frameworks */ = {
			isa = PBXFrameworksBuildPhase;
			buildActionMask = 2147483647;
			files = (
			);
			runOnlyForDeploymentPostprocessing = 0;
		};
/* End PBXFrameworksBuildPhase section */

/* Begin PBXGroup section */
		544ED5651C51EEE2003BCA0C = {
			isa = PBXGroup;
			children = (
				544ED5781C51EF86003BCA0C /* CustomGreeter.h */,
				544ED5791C51EF86003BCA0C /* CustomGreeter.m */,
				544ED5771C51EF52003BCA0C /* Greeter.h */,
				544ED5701C51EEE3003BCA0C /* CustomgGreeter */,
				544ED56F1C51EEE3003BCA0C /* Products */,
			);
			sourceTree = "<group>";
		};
		544ED56F1C51EEE3003BCA0C /* Products */ = {
			isa = PBXGroup;
			children = (
				544ED56E1C51EEE3003BCA0C /* CustomgGreeter.bundle */,
			);
			name = Products;
			sourceTree = "<group>";
		};
		544ED5701C51EEE3003BCA0C /* CustomgGreeter */ = {
			isa = PBXGroup;
			children = (
				544ED5711C51EEE3003BCA0C /* Info.plist */,
			);
			path = CustomgGreeter;
			sourceTree = "<group>";
		};
/* End PBXGroup section */

/* Begin PBXNativeTarget section */
		544ED56D1C51EEE3003BCA0C /* CustomgGreeter */ = {
			isa = PBXNativeTarget;
			buildConfigurationList = 544ED5741C51EEE3003BCA0C /* Build configuration list for PBXNativeTarget "CustomgGreeter" */;
			buildPhases = (
				544ED56A1C51EEE3003BCA0C /* Sources */,
				544ED56B1C51EEE3003BCA0C /* Frameworks */,
				544ED56C1C51EEE3003BCA0C /* Resources */,
			);
			buildRules = (
			);
			dependencies = (
			);
			name = CustomgGreeter;
			productName = CustomgGreeter;
			productReference = 544ED56E1C51EEE3003BCA0C /* CustomgGreeter.bundle */;
			productType = "com.apple.product-type.bundle";
		};
/* End PBXNativeTarget section */

/* Begin PBXProject section */
		544ED5661C51EEE2003BCA0C /* Project object */ = {
			isa = PBXProject;
			attributes = {
				LastUpgradeCheck = 0720;
				ORGANIZATIONNAME = dibadalu;
				TargetAttributes = {
					544ED56D1C51EEE3003BCA0C = {
						CreatedOnToolsVersion = 7.2;
					};
				};
			};
			buildConfigurationList = 544ED5691C51EEE2003BCA0C /* Build configuration list for PBXProject "CustomgGreeter" */;
			compatibilityVersion = "Xcode 3.2";
			developmentRegion = English;
			hasScannedForEncodings = 0;
			knownRegions = (
				en,
			);
			mainGroup = 544ED5651C51EEE2003BCA0C;
			productRefGroup = 544ED56F1C51EEE3003BCA0C /* Products */;
			projectDirPath = "";
			projectRoot = "";
			targets = (
				544ED56D1C51EEE3003BCA0C /* CustomgGreeter */,
			);
		};
/* End PBXProject section */

/* Begin PBXResourcesBuildPhase section */
		544ED56C1C51EEE3003BCA0C /* Resources */ = {
			isa = PBXResourcesBuildPhase;
			buildActionMask = 2147483647;
			files = (
			);
			runOnlyForDeploymentPostprocessing = 0;
		};
/* End PBXResourcesBuildPhase section */

/* Begin PBXSourcesBuildPhase section */
		544ED56A1C51EEE3003BCA0C /* Sources */ = {
			isa = PBXSourcesBuildPhase;
			buildActionMask = 2147483647;
			files = (
				544ED57A1C51EF86003BCA0C /* CustomGreeter.m in Sources */,
			);
			runOnlyForDeploymentPostprocessing = 0;
		};
/* End PBXSourcesBuildPhase section */

/* Begin XCBuildConfiguration section */
		544ED5721C51EEE3003BCA0C /* Debug */ = {
			isa = XCBuildConfiguration;
			buildSettings = {
				ALWAYS_SEARCH_USER_PATHS = NO;
				CLANG_CXX_LANGUAGE_STANDARD = "gnu++0x";
				CLANG_CXX_LIBRARY = "libc++";
				CLANG_ENABLE_MODULES = YES;
				CLANG_ENABLE_OBJC_ARC = YES;
				CLANG_WARN_BOOL_CONVERSION = YES;
				CLANG_WARN_CONSTANT_CONVERSION = YES;
				CLANG_WARN_DIRECT_OBJC_ISA_USAGE = YES_ERROR;
				CLANG_WARN_EMPTY_BODY = YES;
				CLANG_WARN_ENUM_CONVERSION = YES;
				CLANG_WARN_INT_CONVERSION = YES;
				CLANG_WARN_OBJC_ROOT_CLASS = YES_ERROR;
				CLANG_WARN_UNREACHABLE_CODE = YES;
				CLANG_WARN__DUPLICATE_METHOD_MATCH = YES;
				CODE_SIGN_IDENTITY = "-";
				COPY_PHASE_STRIP = NO;
				DEBUG_INFORMATION_FORMAT = dwarf;
				ENABLE_STRICT_OBJC_MSGSEND = YES;
				ENABLE_TESTABILITY = YES;
				GCC_C_LANGUAGE_STANDARD = gnu99;
				GCC_DYNAMIC_NO_PIC = NO;
				GCC_NO_COMMON_BLOCKS = YES;
				GCC_OPTIMIZATION_LEVEL = 0;
				GCC_PREPROCESSOR_DEFINITIONS = (
					"DEBUG=1",
					"$(inherited)",
				);
				GCC_WARN_64_TO_32_BIT_CONVERSION = YES;
				GCC_WARN_ABOUT_RETURN_TYPE = YES_ERROR;
				GCC_WARN_UNDECLARED_SELECTOR = YES;
				GCC_WARN_UNINITIALIZED_AUTOS = YES_AGGRESSIVE;
				GCC_WARN_UNUSED_FUNCTION = YES;
				GCC_WARN_UNUSED_VARIABLE = YES;
				MACOSX_DEPLOYMENT_TARGET = 10.10;
				MTL_ENABLE_DEBUG_INFO = YES;
				ONLY_ACTIVE_ARCH = YES;
				SDKROOT = macosx;
			};
			name = Debug;
		};
		544ED5731C51EEE3003BCA0C /* Release */ = {
			isa = XCBuildConfiguration;
			buildSettings = {
				ALWAYS_SEARCH_USER_PATHS = NO;
				CLANG_CXX_LANGUAGE_STANDARD = "gnu++0x";
				CLANG_CXX_LIBRARY = "libc++";
				CLANG_ENABLE_MODULES = YES;
				CLANG_ENABLE_OBJC_ARC = YES;
				CLANG_WARN_BOOL_CONVERSION = YES;
				CLANG_WARN_CONSTANT_CONVERSION = YES;
				CLANG_WARN_DIRECT_OBJC_ISA_USAGE = YES_ERROR;
				CLANG_WARN_EMPTY_BODY = YES;
				CLANG_WARN_ENUM_CONVERSION = YES;
				CLANG_WARN_INT_CONVERSION = YES;
				CLANG_WARN_OBJC_ROOT_CLASS = YES_ERROR;
				CLANG_WARN_UNREACHABLE_CODE = YES;
				CLANG_WARN__DUPLICATE_METHOD_MATCH = YES;
				CODE_SIGN_IDENTITY = "-";
				COPY_PHASE_STRIP = NO;
				DEBUG_INFORMATION_FORMAT = "dwarf-with-dsym";
				ENABLE_NS_ASSERTIONS = NO;
				ENABLE_STRICT_OBJC_MSGSEND = YES;
				GCC_C_LANGUAGE_STANDARD = gnu99;
				GCC_NO_COMMON_BLOCKS = YES;
				GCC_WARN_64_TO_32_BIT_CONVERSION = YES;
				GCC_WARN_ABOUT_RETURN_TYPE = YES_ERROR;
				GCC_WARN_UNDECLARED_SELECTOR = YES;
				GCC_WARN_UNINITIALIZED_AUTOS = YES_AGGRESSIVE;
				GCC_WARN_UNUSED_FUNCTION = YES;
				GCC_WARN_UNUSED_VARIABLE = YES;
				MACOSX_DEPLOYMENT_TARGET = 10.10;
				MTL_ENABLE_DEBUG_INFO = NO;
				SDKROOT = macosx;
			};
			name = Release;
		};
		544ED5751C51EEE3003BCA0C /* Debug */ = {
			isa = XCBuildConfiguration;
			buildSettings = {
				COMBINE_HIDPI_IMAGES = YES;
				INFOPLIST_FILE = CustomgGreeter/Info.plist;
				INSTALL_PATH = "$(LOCAL_LIBRARY_DIR)/Bundles";
				PRODUCT_BUNDLE_IDENTIFIER = dibadalu.CustomgGreeter;
				PRODUCT_NAME = "$(TARGET_NAME)";
				SKIP_INSTALL = YES;
				WRAPPER_EXTENSION = bundle;
			};
			name = Debug;
		};
		544ED5761C51EEE3003BCA0C /* Release */ = {
			isa = XCBuildConfiguration;
			buildSettings = {
				COMBINE_HIDPI_IMAGES = YES;
				INFOPLIST_FILE = CustomgGreeter/Info.plist;
				INSTALL_PATH = "$(LOCAL_LIBRARY_DIR)/Bundles";
				PRODUCT_BUNDLE_IDENTIFIER = dibadalu.CustomgGreeter;
				PRODUCT_NAME = "$(TARGET_NAME)";
				SKIP_INSTALL = YES;
				WRAPPER_EXTENSION = bundle;
			};
			name = Release;
		};
/* End XCBuildConfiguration section */

/* Begin XCConfigurationList section */
		544ED5691C51EEE2003BCA0C /* Build configuration list for PBXProject "CustomgGreeter" */ = {
			isa = XCConfigurationList;
			buildConfigurations = (
				544ED5721C51EEE3003BCA0C /* Debug */,
				544ED5731C51EEE3003BCA0C /* Release */,
			);
			defaultConfigurationIsVisible = 0;
			defaultConfigurationName = Release;
		};
		544ED5741C51EEE3003BCA0C /* Build configuration list for PBXNativeTarget "CustomgGreeter" */ = {
			isa = XCConfigurationList;
			buildConfigurations = (
				544ED5751C51EEE3003BCA0C /* Debug */,
				544ED5761C51EEE3003BCA0C /* Release */,
			);
			defaultConfigurationIsVisible = 0;
		};
/* End XCConfigurationList section */
	};
	rootObject = 544ED5661C51EEE2003BCA0C /* Project object */;
}
