// !$*UTF8*$!
{
	archiveVersion = 1;
	classes = {
	};
	objectVersion = 46;
	objects = {

/* Begin PBXBuildFile section */
		544ED55B1C51EC19003BCA0C /* main.m in Sources */ = {isa = PBXBuildFile; fileRef = 544ED55A1C51EC19003BCA0C /* main.m */; };
		544ED5641C51ED10003BCA0C /* BasicGreeter.m in Sources */ = {isa = PBXBuildFile; fileRef = 544ED5631C51ED10003BCA0C /* BasicGreeter.m */; };
/* End PBXBuildFile section */

/* Begin PBXCopyFilesBuildPhase section */
		544ED5551C51EC19003BCA0C /* CopyFiles */ = {
			isa = PBXCopyFilesBuildPhase;
			buildActionMask = 2147483647;
			dstPath = /usr/share/man/man1/;
			dstSubfolderSpec = 0;
			files = (
			);
			runOnlyForDeploymentPostprocessing = 1;
		};
/* End PBXCopyFilesBuildPhase section */

/* Begin PBXFileReference section */
		544ED5571C51EC19003BCA0C /* DanaLoader */ = {isa = PBXFileReference; explicitFileType = "compiled.mach-o.executable"; includeInIndex = 0; path = DanaLoader; sourceTree = BUILT_PRODUCTS_DIR; };
		544ED55A1C51EC19003BCA0C /* main.m */ = {isa = PBXFileReference; lastKnownFileType = sourcecode.c.objc; path = main.m; sourceTree = "<group>"; };
		544ED5611C51EC7E003BCA0C /* Greeter.h */ = {isa = PBXFileReference; fileEncoding = 4; lastKnownFileType = sourcecode.c.h; path = Greeter.h; sourceTree = "<group>"; };
		544ED5621C51ED10003BCA0C /* BasicGreeter.h */ = {isa = PBXFileReference; fileEncoding = 4; lastKnownFileType = sourcecode.c.h; path = BasicGreeter.h; sourceTree = "<group>"; };
		544ED5631C51ED10003BCA0C /* BasicGreeter.m */ = {isa = PBXFileReference; fileEncoding = 4; lastKnownFileType = sourcecode.c.objc; path = BasicGreeter.m; sourceTree = "<group>"; };
/* End PBXFileReference section */

/* Begin PBXFrameworksBuildPhase section */
		544ED5541C51EC19003BCA0C /* Frameworks */ = {
			isa = PBXFrameworksBuildPhase;
			buildActionMask = 2147483647;
			files = (
			);
			runOnlyForDeploymentPostprocessing = 0;
		};
/* End PBXFrameworksBuildPhase section */

/* Begin PBXGroup section */
		544ED54E1C51EC19003BCA0C = {
			isa = PBXGroup;
			children = (
				544ED5621C51ED10003BCA0C /* BasicGreeter.h */,
				544ED5631C51ED10003BCA0C /* BasicGreeter.m */,
				544ED5611C51EC7E003BCA0C /* Greeter.h */,
				544ED5591C51EC19003BCA0C /* DanaLoader */,
				544ED5581C51EC19003BCA0C /* Products */,
			);
			sourceTree = "<group>";
		};
		544ED5581C51EC19003BCA0C /* Products */ = {
			isa = PBXGroup;
			children = (
				544ED5571C51EC19003BCA0C /* DanaLoader */,
			);
			name = Products;
			sourceTree = "<group>";
		};
		544ED5591C51EC19003BCA0C /* DanaLoader */ = {
			isa = PBXGroup;
			children = (
				544ED55A1C51EC19003BCA0C /* main.m */,
			);
			path = DanaLoader;
			sourceTree = "<group>";
		};
/* End PBXGroup section */

/* Begin PBXNativeTarget section */
		544ED5561C51EC19003BCA0C /* DanaLoader */ = {
			isa = PBXNativeTarget;
			buildConfigurationList = 544ED55E1C51EC19003BCA0C /* Build configuration list for PBXNativeTarget "DanaLoader" */;
			buildPhases = (
				544ED5531C51EC19003BCA0C /* Sources */,
				544ED5541C51EC19003BCA0C /* Frameworks */,
				544ED5551C51EC19003BCA0C /* CopyFiles */,
			);
			buildRules = (
			);
			dependencies = (
			);
			name = DanaLoader;
			productName = DanaLoader;
			productReference = 544ED5571C51EC19003BCA0C /* DanaLoader */;
			productType = "com.apple.product-type.tool";
		};
/* End PBXNativeTarget section */

/* Begin PBXProject section */
		544ED54F1C51EC19003BCA0C /* Project object */ = {
			isa = PBXProject;
			attributes = {
				LastUpgradeCheck = 0720;
				ORGANIZATIONNAME = dibadalu;
				TargetAttributes = {
					544ED5561C51EC19003BCA0C = {
						CreatedOnToolsVersion = 7.2;
					};
				};
			};
			buildConfigurationList = 544ED5521C51EC19003BCA0C /* Build configuration list for PBXProject "DanaLoader" */;
			compatibilityVersion = "Xcode 3.2";
			developmentRegion = English;
			hasScannedForEncodings = 0;
			knownRegions = (
				en,
			);
			mainGroup = 544ED54E1C51EC19003BCA0C;
			productRefGroup = 544ED5581C51EC19003BCA0C /* Products */;
			projectDirPath = "";
			projectRoot = "";
			targets = (
				544ED5561C51EC19003BCA0C /* DanaLoader */,
			);
		};
/* End PBXProject section */

/* Begin PBXSourcesBuildPhase section */
		544ED5531C51EC19003BCA0C /* Sources */ = {
			isa = PBXSourcesBuildPhase;
			buildActionMask = 2147483647;
			files = (
				544ED55B1C51EC19003BCA0C /* main.m in Sources */,
				544ED5641C51ED10003BCA0C /* BasicGreeter.m in Sources */,
			);
			runOnlyForDeploymentPostprocessing = 0;
		};
/* End PBXSourcesBuildPhase section */

/* Begin XCBuildConfiguration section */
		544ED55C1C51EC19003BCA0C /* Debug */ = {
			isa = XCBuildConfiguration;
			buildSettings = {
				ALWAYS_SEARCH_USER_PATHS = NO;
				CLANG_CXX_LANGUAGE_STANDARD = "gnu++0x";
				CLANG_CXX_LIBRARY = "libc++";
				CLANG_ENABLE_MODULES = YES;
				CLANG_ENABLE_OBJC_ARC = YES;
				CLANG_WARN_BOOL_CONVERSION = YES;
				CLANG_WARN_CONSTANT_CONVERSION = YES;
				CLANG_WARN_DIRECT_OBJC_ISA_USAGE = YES_ERROR;
				CLANG_WARN_EMPTY_BODY = YES;
				CLANG_WARN_ENUM_CONVERSION = YES;
				CLANG_WARN_INT_CONVERSION = YES;
				CLANG_WARN_OBJC_ROOT_CLASS = YES_ERROR;
				CLANG_WARN_UNREACHABLE_CODE = YES;
				CLANG_WARN__DUPLICATE_METHOD_MATCH = YES;
				CODE_SIGN_IDENTITY = "-";
				COPY_PHASE_STRIP = NO;
				DEBUG_INFORMATION_FORMAT = dwarf;
				ENABLE_STRICT_OBJC_MSGSEND = YES;
				ENABLE_TESTABILITY = YES;
				GCC_C_LANGUAGE_STANDARD = gnu99;
				GCC_DYNAMIC_NO_PIC = NO;
				GCC_NO_COMMON_BLOCKS = YES;
				GCC_OPTIMIZATION_LEVEL = 0;
				GCC_PREPROCESSOR_DEFINITIONS = (
					"DEBUG=1",
					"$(inherited)",
				);
				GCC_WARN_64_TO_32_BIT_CONVERSION = YES;
				GCC_WARN_ABOUT_RETURN_TYPE = YES_ERROR;
				GCC_WARN_UNDECLARED_SELECTOR = YES;
				GCC_WARN_UNINITIALIZED_AUTOS = YES_AGGRESSIVE;
				GCC_WARN_UNUSED_FUNCTION = YES;
				GCC_WARN_UNUSED_VARIABLE = YES;
				MACOSX_DEPLOYMENT_TARGET = 10.10;
				MTL_ENABLE_DEBUG_INFO = YES;
				ONLY_ACTIVE_ARCH = YES;
				SDKROOT = macosx;
			};
			name = Debug;
		};
		544ED55D1C51EC19003BCA0C /* Release */ = {
			isa = XCBuildConfiguration;
			buildSettings = {
				ALWAYS_SEARCH_USER_PATHS = NO;
				CLANG_CXX_LANGUAGE_STANDARD = "gnu++0x";
				CLANG_CXX_LIBRARY = "libc++";
				CLANG_ENABLE_MODULES = YES;
				CLANG_ENABLE_OBJC_ARC = YES;
				CLANG_WARN_BOOL_CONVERSION = YES;
				CLANG_WARN_CONSTANT_CONVERSION = YES;
				CLANG_WARN_DIRECT_OBJC_ISA_USAGE = YES_ERROR;
				CLANG_WARN_EMPTY_BODY = YES;
				CLANG_WARN_ENUM_CONVERSION = YES;
				CLANG_WARN_INT_CONVERSION = YES;
				CLANG_WARN_OBJC_ROOT_CLASS = YES_ERROR;
				CLANG_WARN_UNREACHABLE_CODE = YES;
				CLANG_WARN__DUPLICATE_METHOD_MATCH = YES;
				CODE_SIGN_IDENTITY = "-";
				COPY_PHASE_STRIP = NO;
				DEBUG_INFORMATION_FORMAT = "dwarf-with-dsym";
				ENABLE_NS_ASSERTIONS = NO;
				ENABLE_STRICT_OBJC_MSGSEND = YES;
				GCC_C_LANGUAGE_STANDARD = gnu99;
				GCC_NO_COMMON_BLOCKS = YES;
				GCC_WARN_64_TO_32_BIT_CONVERSION = YES;
				GCC_WARN_ABOUT_RETURN_TYPE = YES_ERROR;
				GCC_WARN_UNDECLARED_SELECTOR = YES;
				GCC_WARN_UNINITIALIZED_AUTOS = YES_AGGRESSIVE;
				GCC_WARN_UNUSED_FUNCTION = YES;
				GCC_WARN_UNUSED_VARIABLE = YES;
				MACOSX_DEPLOYMENT_TARGET = 10.10;
				MTL_ENABLE_DEBUG_INFO = NO;
				SDKROOT = macosx;
			};
			name = Release;
		};
		544ED55F1C51EC19003BCA0C /* Debug */ = {
			isa = XCBuildConfiguration;
			buildSettings = {
				PRODUCT_NAME = "$(TARGET_NAME)";
			};
			name = Debug;
		};
		544ED5601C51EC19003BCA0C /* Release */ = {
			isa = XCBuildConfiguration;
			buildSettings = {
				PRODUCT_NAME = "$(TARGET_NAME)";
			};
			name = Release;
		};
/* End XCBuildConfiguration section */

/* Begin XCConfigurationList section */
		544ED5521C51EC19003BCA0C /* Build configuration list for PBXProject "DanaLoader" */ = {
			isa = XCConfigurationList;
			buildConfigurations = (
				544ED55C1C51EC19003BCA0C /* Debug */,
				544ED55D1C51EC19003BCA0C /* Release */,
			);
			defaultConfigurationIsVisible = 0;
			defaultConfigurationName = Release;
		};
		544ED55E1C51EC19003BCA0C /* Build configuration list for PBXNativeTarget "DanaLoader" */ = {
			isa = XCConfigurationList;
			buildConfigurations = (
				544ED55F1C51EC19003BCA0C /* Debug */,
				544ED5601C51EC19003BCA0C /* Release */,
			);
			defaultConfigurationIsVisible = 0;
		};
/* End XCConfigurationList section */
	};
	rootObject = 544ED54F1C51EC19003BCA0C /* Project object */;
}
