// !$*UTF8*$!
{
	archiveVersion = 1;
	classes = {
	};
	objectVersion = 46;
	objects = {

/* Begin PBXBuildFile section */
		549C62FE1C8703B9003E88FA /* main.m in Sources */ = {isa = PBXBuildFile; fileRef = 549C62FD1C8703B9003E88FA /* main.m */; };
		549C63061C870416003E88FA /* ConcurrentProcessor.m in Sources */ = {isa = PBXBuildFile; fileRef = 549C63051C870416003E88FA /* ConcurrentProcessor.m */; };
/* End PBXBuildFile section */

/* Begin PBXCopyFilesBuildPhase section */
		549C62F81C8703B9003E88FA /* CopyFiles */ = {
			isa = PBXCopyFilesBuildPhase;
			buildActionMask = 2147483647;
			dstPath = /usr/share/man/man1/;
			dstSubfolderSpec = 0;
			files = (
			);
			runOnlyForDeploymentPostprocessing = 1;
		};
/* End PBXCopyFilesBuildPhase section */

/* Begin PBXFileReference section */
		549C62FA1C8703B9003E88FA /* 17.9.使用多个线程实现并发处理 */ = {isa = PBXFileReference; explicitFileType = "compiled.mach-o.executable"; includeInIndex = 0; path = "17.9.使用多个线程实现并发处理"; sourceTree = BUILT_PRODUCTS_DIR; };
		549C62FD1C8703B9003E88FA /* main.m */ = {isa = PBXFileReference; lastKnownFileType = sourcecode.c.objc; path = main.m; sourceTree = "<group>"; };
		549C63041C870416003E88FA /* ConcurrentProcessor.h */ = {isa = PBXFileReference; fileEncoding = 4; lastKnownFileType = sourcecode.c.h; path = ConcurrentProcessor.h; sourceTree = "<group>"; };
		549C63051C870416003E88FA /* ConcurrentProcessor.m */ = {isa = PBXFileReference; fileEncoding = 4; lastKnownFileType = sourcecode.c.objc; path = ConcurrentProcessor.m; sourceTree = "<group>"; };
/* End PBXFileReference section */

/* Begin PBXFrameworksBuildPhase section */
		549C62F71C8703B9003E88FA /* Frameworks */ = {
			isa = PBXFrameworksBuildPhase;
			buildActionMask = 2147483647;
			files = (
			);
			runOnlyForDeploymentPostprocessing = 0;
		};
/* End PBXFrameworksBuildPhase section */

/* Begin PBXGroup section */
		549C62F11C8703B9003E88FA = {
			isa = PBXGroup;
			children = (
				549C62FC1C8703B9003E88FA /* 17.9.使用多个线程实现并发处理 */,
				549C62FB1C8703B9003E88FA /* Products */,
			);
			sourceTree = "<group>";
		};
		549C62FB1C8703B9003E88FA /* Products */ = {
			isa = PBXGroup;
			children = (
				549C62FA1C8703B9003E88FA /* 17.9.使用多个线程实现并发处理 */,
			);
			name = Products;
			sourceTree = "<group>";
		};
		549C62FC1C8703B9003E88FA /* 17.9.使用多个线程实现并发处理 */ = {
			isa = PBXGroup;
			children = (
				549C62FD1C8703B9003E88FA /* main.m */,
				549C63041C870416003E88FA /* ConcurrentProcessor.h */,
				549C63051C870416003E88FA /* ConcurrentProcessor.m */,
			);
			name = "17.9.使用多个线程实现并发处理";
			path = "17.9.使用线程实现并发处理";
			sourceTree = "<group>";
		};
/* End PBXGroup section */

/* Begin PBXNativeTarget section */
		549C62F91C8703B9003E88FA /* 17.9.使用多个线程实现并发处理 */ = {
			isa = PBXNativeTarget;
			buildConfigurationList = 549C63011C8703B9003E88FA /* Build configuration list for PBXNativeTarget "17.9.使用多个线程实现并发处理" */;
			buildPhases = (
				549C62F61C8703B9003E88FA /* Sources */,
				549C62F71C8703B9003E88FA /* Frameworks */,
				549C62F81C8703B9003E88FA /* CopyFiles */,
			);
			buildRules = (
			);
			dependencies = (
			);
			name = "17.9.使用多个线程实现并发处理";
			productName = "17.9.使用线程实现并发处理";
			productReference = 549C62FA1C8703B9003E88FA /* 17.9.使用多个线程实现并发处理 */;
			productType = "com.apple.product-type.tool";
		};
/* End PBXNativeTarget section */

/* Begin PBXProject section */
		549C62F21C8703B9003E88FA /* Project object */ = {
			isa = PBXProject;
			attributes = {
				LastUpgradeCheck = 0720;
				ORGANIZATIONNAME = dibadalu;
				TargetAttributes = {
					549C62F91C8703B9003E88FA = {
						CreatedOnToolsVersion = 7.2;
					};
				};
			};
			buildConfigurationList = 549C62F51C8703B9003E88FA /* Build configuration list for PBXProject "17.9.使用多个线程实现并发处理" */;
			compatibilityVersion = "Xcode 3.2";
			developmentRegion = English;
			hasScannedForEncodings = 0;
			knownRegions = (
				en,
			);
			mainGroup = 549C62F11C8703B9003E88FA;
			productRefGroup = 549C62FB1C8703B9003E88FA /* Products */;
			projectDirPath = "";
			projectRoot = "";
			targets = (
				549C62F91C8703B9003E88FA /* 17.9.使用多个线程实现并发处理 */,
			);
		};
/* End PBXProject section */

/* Begin PBXSourcesBuildPhase section */
		549C62F61C8703B9003E88FA /* Sources */ = {
			isa = PBXSourcesBuildPhase;
			buildActionMask = 2147483647;
			files = (
				549C62FE1C8703B9003E88FA /* main.m in Sources */,
				549C63061C870416003E88FA /* ConcurrentProcessor.m in Sources */,
			);
			runOnlyForDeploymentPostprocessing = 0;
		};
/* End PBXSourcesBuildPhase section */

/* Begin XCBuildConfiguration section */
		549C62FF1C8703B9003E88FA /* Debug */ = {
			isa = XCBuildConfiguration;
			buildSettings = {
				ALWAYS_SEARCH_USER_PATHS = NO;
				CLANG_CXX_LANGUAGE_STANDARD = "gnu++0x";
				CLANG_CXX_LIBRARY = "libc++";
				CLANG_ENABLE_MODULES = YES;
				CLANG_ENABLE_OBJC_ARC = YES;
				CLANG_WARN_BOOL_CONVERSION = YES;
				CLANG_WARN_CONSTANT_CONVERSION = YES;
				CLANG_WARN_DIRECT_OBJC_ISA_USAGE = YES_ERROR;
				CLANG_WARN_EMPTY_BODY = YES;
				CLANG_WARN_ENUM_CONVERSION = YES;
				CLANG_WARN_INT_CONVERSION = YES;
				CLANG_WARN_OBJC_ROOT_CLASS = YES_ERROR;
				CLANG_WARN_UNREACHABLE_CODE = YES;
				CLANG_WARN__DUPLICATE_METHOD_MATCH = YES;
				CODE_SIGN_IDENTITY = "-";
				COPY_PHASE_STRIP = NO;
				DEBUG_INFORMATION_FORMAT = dwarf;
				ENABLE_STRICT_OBJC_MSGSEND = YES;
				ENABLE_TESTABILITY = YES;
				GCC_C_LANGUAGE_STANDARD = gnu99;
				GCC_DYNAMIC_NO_PIC = NO;
				GCC_NO_COMMON_BLOCKS = YES;
				GCC_OPTIMIZATION_LEVEL = 0;
				GCC_PREPROCESSOR_DEFINITIONS = (
					"DEBUG=1",
					"$(inherited)",
				);
				GCC_WARN_64_TO_32_BIT_CONVERSION = YES;
				GCC_WARN_ABOUT_RETURN_TYPE = YES_ERROR;
				GCC_WARN_UNDECLARED_SELECTOR = YES;
				GCC_WARN_UNINITIALIZED_AUTOS = YES_AGGRESSIVE;
				GCC_WARN_UNUSED_FUNCTION = YES;
				GCC_WARN_UNUSED_VARIABLE = YES;
				MACOSX_DEPLOYMENT_TARGET = 10.11;
				MTL_ENABLE_DEBUG_INFO = YES;
				ONLY_ACTIVE_ARCH = YES;
				SDKROOT = macosx;
				TEST_HOST = "";
			};
			name = Debug;
		};
		549C63001C8703B9003E88FA /* Release */ = {
			isa = XCBuildConfiguration;
			buildSettings = {
				ALWAYS_SEARCH_USER_PATHS = NO;
				CLANG_CXX_LANGUAGE_STANDARD = "gnu++0x";
				CLANG_CXX_LIBRARY = "libc++";
				CLANG_ENABLE_MODULES = YES;
				CLANG_ENABLE_OBJC_ARC = YES;
				CLANG_WARN_BOOL_CONVERSION = YES;
				CLANG_WARN_CONSTANT_CONVERSION = YES;
				CLANG_WARN_DIRECT_OBJC_ISA_USAGE = YES_ERROR;
				CLANG_WARN_EMPTY_BODY = YES;
				CLANG_WARN_ENUM_CONVERSION = YES;
				CLANG_WARN_INT_CONVERSION = YES;
				CLANG_WARN_OBJC_ROOT_CLASS = YES_ERROR;
				CLANG_WARN_UNREACHABLE_CODE = YES;
				CLANG_WARN__DUPLICATE_METHOD_MATCH = YES;
				CODE_SIGN_IDENTITY = "-";
				COPY_PHASE_STRIP = NO;
				DEBUG_INFORMATION_FORMAT = "dwarf-with-dsym";
				ENABLE_NS_ASSERTIONS = NO;
				ENABLE_STRICT_OBJC_MSGSEND = YES;
				GCC_C_LANGUAGE_STANDARD = gnu99;
				GCC_NO_COMMON_BLOCKS = YES;
				GCC_WARN_64_TO_32_BIT_CONVERSION = YES;
				GCC_WARN_ABOUT_RETURN_TYPE = YES_ERROR;
				GCC_WARN_UNDECLARED_SELECTOR = YES;
				GCC_WARN_UNINITIALIZED_AUTOS = YES_AGGRESSIVE;
				GCC_WARN_UNUSED_FUNCTION = YES;
				GCC_WARN_UNUSED_VARIABLE = YES;
				MACOSX_DEPLOYMENT_TARGET = 10.11;
				MTL_ENABLE_DEBUG_INFO = NO;
				SDKROOT = macosx;
				TEST_HOST = "";
			};
			name = Release;
		};
		549C63021C8703B9003E88FA /* Debug */ = {
			isa = XCBuildConfiguration;
			buildSettings = {
				PRODUCT_NAME = "17.9.使用多个线程实现并发处理";
			};
			name = Debug;
		};
		549C63031C8703B9003E88FA /* Release */ = {
			isa = XCBuildConfiguration;
			buildSettings = {
				PRODUCT_NAME = "17.9.使用多个线程实现并发处理";
			};
			name = Release;
		};
/* End XCBuildConfiguration section */

/* Begin XCConfigurationList section */
		549C62F51C8703B9003E88FA /* Build configuration list for PBXProject "17.9.使用多个线程实现并发处理" */ = {
			isa = XCConfigurationList;
			buildConfigurations = (
				549C62FF1C8703B9003E88FA /* Debug */,
				549C63001C8703B9003E88FA /* Release */,
			);
			defaultConfigurationIsVisible = 0;
			defaultConfigurationName = Release;
		};
		549C63011C8703B9003E88FA /* Build configuration list for PBXNativeTarget "17.9.使用多个线程实现并发处理" */ = {
			isa = XCConfigurationList;
			buildConfigurations = (
				549C63021C8703B9003E88FA /* Debug */,
				549C63031C8703B9003E88FA /* Release */,
			);
			defaultConfigurationIsVisible = 0;
			defaultConfigurationName = Release;
		};
/* End XCConfigurationList section */
	};
	rootObject = 549C62F21C8703B9003E88FA /* Project object */;
}
