// !$*UTF8*$!
{
	archiveVersion = 1;
	classes = {
	};
	objectVersion = 46;
	objects = {

/* Begin PBXBuildFile section */
		54AEE1491C4A7A9E00B076B9 /* main.m in Sources */ = {isa = PBXBuildFile; fileRef = 54AEE1481C4A7A9E00B076B9 /* main.m */; };
		54AEE1511C4A7ABE00B076B9 /* Calculator.m in Sources */ = {isa = PBXBuildFile; fileRef = 54AEE1501C4A7ABE00B076B9 /* Calculator.m */; };
/* End PBXBuildFile section */

/* Begin PBXCopyFilesBuildPhase section */
		54AEE1431C4A7A9E00B076B9 /* CopyFiles */ = {
			isa = PBXCopyFilesBuildPhase;
			buildActionMask = 2147483647;
			dstPath = /usr/share/man/man1/;
			dstSubfolderSpec = 0;
			files = (
			);
			runOnlyForDeploymentPostprocessing = 1;
		};
/* End PBXCopyFilesBuildPhase section */

/* Begin PBXFileReference section */
		54AEE1451C4A7A9E00B076B9 /* 7.2.3.使用对象消息 */ = {isa = PBXFileReference; explicitFileType = "compiled.mach-o.executable"; includeInIndex = 0; path = "7.2.3.使用对象消息"; sourceTree = BUILT_PRODUCTS_DIR; };
		54AEE1481C4A7A9E00B076B9 /* main.m */ = {isa = PBXFileReference; lastKnownFileType = sourcecode.c.objc; path = main.m; sourceTree = "<group>"; };
		54AEE14F1C4A7ABE00B076B9 /* Calculator.h */ = {isa = PBXFileReference; fileEncoding = 4; lastKnownFileType = sourcecode.c.h; name = Calculator.h; path = "7.2.3.使用对象消息/Calculator.h"; sourceTree = "<group>"; };
		54AEE1501C4A7ABE00B076B9 /* Calculator.m */ = {isa = PBXFileReference; fileEncoding = 4; lastKnownFileType = sourcecode.c.objc; name = Calculator.m; path = "7.2.3.使用对象消息/Calculator.m"; sourceTree = "<group>"; };
/* End PBXFileReference section */

/* Begin PBXFrameworksBuildPhase section */
		54AEE1421C4A7A9E00B076B9 /* Frameworks */ = {
			isa = PBXFrameworksBuildPhase;
			buildActionMask = 2147483647;
			files = (
			);
			runOnlyForDeploymentPostprocessing = 0;
		};
/* End PBXFrameworksBuildPhase section */

/* Begin PBXGroup section */
		54AEE13C1C4A7A9E00B076B9 = {
			isa = PBXGroup;
			children = (
				54AEE14F1C4A7ABE00B076B9 /* Calculator.h */,
				54AEE1501C4A7ABE00B076B9 /* Calculator.m */,
				54AEE1471C4A7A9E00B076B9 /* 7.2.3.使用对象消息 */,
				54AEE1461C4A7A9E00B076B9 /* Products */,
			);
			sourceTree = "<group>";
		};
		54AEE1461C4A7A9E00B076B9 /* Products */ = {
			isa = PBXGroup;
			children = (
				54AEE1451C4A7A9E00B076B9 /* 7.2.3.使用对象消息 */,
			);
			name = Products;
			sourceTree = "<group>";
		};
		54AEE1471C4A7A9E00B076B9 /* 7.2.3.使用对象消息 */ = {
			isa = PBXGroup;
			children = (
				54AEE1481C4A7A9E00B076B9 /* main.m */,
			);
			path = "7.2.3.使用对象消息";
			sourceTree = "<group>";
		};
/* End PBXGroup section */

/* Begin PBXNativeTarget section */
		54AEE1441C4A7A9E00B076B9 /* 7.2.3.使用对象消息 */ = {
			isa = PBXNativeTarget;
			buildConfigurationList = 54AEE14C1C4A7A9E00B076B9 /* Build configuration list for PBXNativeTarget "7.2.3.使用对象消息" */;
			buildPhases = (
				54AEE1411C4A7A9E00B076B9 /* Sources */,
				54AEE1421C4A7A9E00B076B9 /* Frameworks */,
				54AEE1431C4A7A9E00B076B9 /* CopyFiles */,
			);
			buildRules = (
			);
			dependencies = (
			);
			name = "7.2.3.使用对象消息";
			productName = "7.2.3.使用对象消息";
			productReference = 54AEE1451C4A7A9E00B076B9 /* 7.2.3.使用对象消息 */;
			productType = "com.apple.product-type.tool";
		};
/* End PBXNativeTarget section */

/* Begin PBXProject section */
		54AEE13D1C4A7A9E00B076B9 /* Project object */ = {
			isa = PBXProject;
			attributes = {
				LastUpgradeCheck = 0720;
				ORGANIZATIONNAME = dibadalu;
				TargetAttributes = {
					54AEE1441C4A7A9E00B076B9 = {
						CreatedOnToolsVersion = 7.2;
					};
				};
			};
			buildConfigurationList = 54AEE1401C4A7A9E00B076B9 /* Build configuration list for PBXProject "7.2.3.使用对象消息" */;
			compatibilityVersion = "Xcode 3.2";
			developmentRegion = English;
			hasScannedForEncodings = 0;
			knownRegions = (
				en,
			);
			mainGroup = 54AEE13C1C4A7A9E00B076B9;
			productRefGroup = 54AEE1461C4A7A9E00B076B9 /* Products */;
			projectDirPath = "";
			projectRoot = "";
			targets = (
				54AEE1441C4A7A9E00B076B9 /* 7.2.3.使用对象消息 */,
			);
		};
/* End PBXProject section */

/* Begin PBXSourcesBuildPhase section */
		54AEE1411C4A7A9E00B076B9 /* Sources */ = {
			isa = PBXSourcesBuildPhase;
			buildActionMask = 2147483647;
			files = (
				54AEE1491C4A7A9E00B076B9 /* main.m in Sources */,
				54AEE1511C4A7ABE00B076B9 /* Calculator.m in Sources */,
			);
			runOnlyForDeploymentPostprocessing = 0;
		};
/* End PBXSourcesBuildPhase section */

/* Begin XCBuildConfiguration section */
		54AEE14A1C4A7A9E00B076B9 /* Debug */ = {
			isa = XCBuildConfiguration;
			buildSettings = {
				ALWAYS_SEARCH_USER_PATHS = NO;
				CLANG_CXX_LANGUAGE_STANDARD = "gnu++0x";
				CLANG_CXX_LIBRARY = "libc++";
				CLANG_ENABLE_MODULES = YES;
				CLANG_ENABLE_OBJC_ARC = YES;
				CLANG_WARN_BOOL_CONVERSION = YES;
				CLANG_WARN_CONSTANT_CONVERSION = YES;
				CLANG_WARN_DIRECT_OBJC_ISA_USAGE = YES_ERROR;
				CLANG_WARN_EMPTY_BODY = YES;
				CLANG_WARN_ENUM_CONVERSION = YES;
				CLANG_WARN_INT_CONVERSION = YES;
				CLANG_WARN_OBJC_ROOT_CLASS = YES_ERROR;
				CLANG_WARN_UNREACHABLE_CODE = YES;
				CLANG_WARN__DUPLICATE_METHOD_MATCH = YES;
				CODE_SIGN_IDENTITY = "-";
				COPY_PHASE_STRIP = NO;
				DEBUG_INFORMATION_FORMAT = dwarf;
				ENABLE_STRICT_OBJC_MSGSEND = YES;
				ENABLE_TESTABILITY = YES;
				GCC_C_LANGUAGE_STANDARD = gnu99;
				GCC_DYNAMIC_NO_PIC = NO;
				GCC_NO_COMMON_BLOCKS = YES;
				GCC_OPTIMIZATION_LEVEL = 0;
				GCC_PREPROCESSOR_DEFINITIONS = (
					"DEBUG=1",
					"$(inherited)",
				);
				GCC_WARN_64_TO_32_BIT_CONVERSION = YES;
				GCC_WARN_ABOUT_RETURN_TYPE = YES_ERROR;
				GCC_WARN_UNDECLARED_SELECTOR = YES;
				GCC_WARN_UNINITIALIZED_AUTOS = YES_AGGRESSIVE;
				GCC_WARN_UNUSED_FUNCTION = YES;
				GCC_WARN_UNUSED_VARIABLE = YES;
				MACOSX_DEPLOYMENT_TARGET = 10.10;
				MTL_ENABLE_DEBUG_INFO = YES;
				ONLY_ACTIVE_ARCH = YES;
				SDKROOT = macosx;
			};
			name = Debug;
		};
		54AEE14B1C4A7A9E00B076B9 /* Release */ = {
			isa = XCBuildConfiguration;
			buildSettings = {
				ALWAYS_SEARCH_USER_PATHS = NO;
				CLANG_CXX_LANGUAGE_STANDARD = "gnu++0x";
				CLANG_CXX_LIBRARY = "libc++";
				CLANG_ENABLE_MODULES = YES;
				CLANG_ENABLE_OBJC_ARC = YES;
				CLANG_WARN_BOOL_CONVERSION = YES;
				CLANG_WARN_CONSTANT_CONVERSION = YES;
				CLANG_WARN_DIRECT_OBJC_ISA_USAGE = YES_ERROR;
				CLANG_WARN_EMPTY_BODY = YES;
				CLANG_WARN_ENUM_CONVERSION = YES;
				CLANG_WARN_INT_CONVERSION = YES;
				CLANG_WARN_OBJC_ROOT_CLASS = YES_ERROR;
				CLANG_WARN_UNREACHABLE_CODE = YES;
				CLANG_WARN__DUPLICATE_METHOD_MATCH = YES;
				CODE_SIGN_IDENTITY = "-";
				COPY_PHASE_STRIP = NO;
				DEBUG_INFORMATION_FORMAT = "dwarf-with-dsym";
				ENABLE_NS_ASSERTIONS = NO;
				ENABLE_STRICT_OBJC_MSGSEND = YES;
				GCC_C_LANGUAGE_STANDARD = gnu99;
				GCC_NO_COMMON_BLOCKS = YES;
				GCC_WARN_64_TO_32_BIT_CONVERSION = YES;
				GCC_WARN_ABOUT_RETURN_TYPE = YES_ERROR;
				GCC_WARN_UNDECLARED_SELECTOR = YES;
				GCC_WARN_UNINITIALIZED_AUTOS = YES_AGGRESSIVE;
				GCC_WARN_UNUSED_FUNCTION = YES;
				GCC_WARN_UNUSED_VARIABLE = YES;
				MACOSX_DEPLOYMENT_TARGET = 10.10;
				MTL_ENABLE_DEBUG_INFO = NO;
				SDKROOT = macosx;
			};
			name = Release;
		};
		54AEE14D1C4A7A9E00B076B9 /* Debug */ = {
			isa = XCBuildConfiguration;
			buildSettings = {
				PRODUCT_NAME = "$(TARGET_NAME)";
			};
			name = Debug;
		};
		54AEE14E1C4A7A9E00B076B9 /* Release */ = {
			isa = XCBuildConfiguration;
			buildSettings = {
				PRODUCT_NAME = "$(TARGET_NAME)";
			};
			name = Release;
		};
/* End XCBuildConfiguration section */

/* Begin XCConfigurationList section */
		54AEE1401C4A7A9E00B076B9 /* Build configuration list for PBXProject "7.2.3.使用对象消息" */ = {
			isa = XCConfigurationList;
			buildConfigurations = (
				54AEE14A1C4A7A9E00B076B9 /* Debug */,
				54AEE14B1C4A7A9E00B076B9 /* Release */,
			);
			defaultConfigurationIsVisible = 0;
			defaultConfigurationName = Release;
		};
		54AEE14C1C4A7A9E00B076B9 /* Build configuration list for PBXNativeTarget "7.2.3.使用对象消息" */ = {
			isa = XCConfigurationList;
			buildConfigurations = (
				54AEE14D1C4A7A9E00B076B9 /* Debug */,
				54AEE14E1C4A7A9E00B076B9 /* Release */,
			);
			defaultConfigurationIsVisible = 0;
			defaultConfigurationName = Release;
		};
/* End XCConfigurationList section */
	};
	rootObject = 54AEE13D1C4A7A9E00B076B9 /* Project object */;
}
